github.com/anaminus/but v0.2.0 h1:UPKY6UtvTZH8seod0rfVRsQxP8qssz+P6VE9a2AYeNY=
github.com/anaminus/but v0.2.0/go.mod h1:44z5qYo/3MWnZDi6ifH3IgrFWa1VFfdTttL3IYN/9R4=
github.com/anaminus/deep v0.0.0-20190609161759-a37cba07138a/go.mod h1:Huz2U5cYiGw7Yk7krg8FWM4MCyeVGuRBghqSh0Rsa7c=
github.com/bkaradzic/go-lz4 v1.0.0 h1:RXc4wYsyz985CkXXeX04y4VnZFGG8Rd43pRaHsOXAKk=
github.com/bkaradzic/go-lz4 v1.0.0/go.mod h1:0YdlkowM3VswSROI7qDxhRvJ3sLhlFrRRwjwegp5jy4=
github.com/chzyer/logex v1.1.10/go.mod h1:+Ywpsq7O8HXn0nuIou7OrIPyXbp3wmkHB+jjWRnGsAI=
github.com/chzyer/readline v0.0.0-20180603132655-2972be24d48e/go.mod h1:nSuG5e5PlCu98SY8svDHJxuZscDgtXS6KTTbou5AhLI=
github.com/chzyer/test v0.0.0-20180213035817-a1ea475d72b1/go.mod h1:Q3SI9o4m/ZMnBNeIyt5eFwwo7qiLfzFZmjNmxjkiQlU=
github.com/robloxapi/rbxdump v0.3.2 h1:zw4apIDtghb+PyuZ/BC+SfgQBcq+YUgZTaA83poxrYA=
github.com/robloxapi/rbxdump v0.3.2/go.mod h1:8imPIe5ZmLAhvmNKLu2E2S0QStvvXtt/0m5pxUGdGM0=
github.com/robloxapi/rbxfile v0.2.1 h1:9SWssMhDpzHrptqYbzGBYAlMUWGqA8szMWJMyRAksnA=
github.com/robloxapi/rbxfile v0.2.1/go.mod h1:78q5X+Fmlr+MJd/LIxVBwfmVp1pMrVGS+Py4GqFr1GQ=
github.com/robloxapi/types v0.0.0-20200805205844-0c0d16f0db67 h1:bbuh32FTV12Lhw1DIU+dbSDUxw2fCEYbpVGxq2Py310=
github.com/robloxapi/types v0.0.0-20200805205844-0c0d16f0db67/go.mod h1:y516slLilB6p3yiA68IpThUmgZhJiZgOOa4aYOJValM=
github.com/yuin/gopher-lua v0.0.0-20200603152657-dc2b0ca8b37e h1:oIpIX9VKxSCFrfjsKpluGbNPBGq9iNnT9crH781j9wY=
github.com/yuin/gopher-lua v0.0.0-20200603152657-dc2b0ca8b37e/go.mod h1:gqRgreBUhTSL0GeU64rtZ3Uq3wtjOa/TB2YfrtkCbVQ=
golang.org/x/sys v0.0.0-20190204203706-41f3e6584952/go.mod h1:STP8DvDyc/dI5b8T5hshtkjS+E42TnysNCUPdjciGhY=
golang.org/x/sys v0.0.0-20210113181707-4bcb84eeeb78 h1:nVuTkr9L6Bq62qpUqKo/RnZCFfzDBL0bYo6w9OJUqZY=
golang.org/x/sys v0.0.0-20210113181707-4bcb84eeeb78/go.mod h1:h1NjWce9XRLGQEsW7wpKNCjG9DtNlClVuFLEZdDNbEs=
